<?xml version="1.0" encoding="utf-8"?>
<Project ToolsVersion="4.0" xmlns="http://schemas.microsoft.com/developer/msbuild/2003">
  <ItemGroup>
    <Filter Include="include">
      <UniqueIdentifier>{6031bcde-0610-4409-ae5c-3924f76073d6}</UniqueIdentifier>
    </Filter>
    <Filter Include="source">
      <UniqueIdentifier>{be7fc702-5de5-42ab-aa2e-98536218ed6f}</UniqueIdentifier>
    </Filter>
    <Filter Include="source\collision">
      <UniqueIdentifier>{fc0de749-9b8c-40c0-a225-fff08af8e3a8}</UniqueIdentifier>
    </Filter>
    <Filter Include="source\common">
      <UniqueIdentifier>{3946427b-3c51-4daa-b14c-b8015e13c375}</UniqueIdentifier>
    </Filter>
    <Filter Include="source\dynamics">
      <UniqueIdentifier>{e866d07c-32df-4258-978c-21989c55c367}</UniqueIdentifier>
    </Filter>
    <Filter Include="source\rope">
      <UniqueIdentifier>{296fe1c9-0801-4292-bdec-0e26bc3dce49}</UniqueIdentifier>
    </Filter>
  </ItemGroup>
  <ItemGroup>
    <ClInclude Include="..\..\include\box2d\b2_api.h">
      <Filter>include</Filter>
    </ClInclude>
    <ClInclude Include="..\..\include\box2d\b2_block_allocator.h">
      <Filter>include</Filter>
    </ClInclude>
    <ClInclude Include="..\..\include\box2d\b2_body.h">
      <Filter>include</Filter>
    </ClInclude>
    <ClInclude Include="..\..\include\box2d\b2_broad_phase.h">
      <Filter>include</Filter>
    </ClInclude>
    <ClInclude Include="..\..\include\box2d\b2_chain_shape.h">
      <Filter>include</Filter>
    </ClInclude>
    <ClInclude Include="..\..\include\box2d\b2_circle_shape.h">
      <Filter>include</Filter>
    </ClInclude>
    <ClInclude Include="..\..\include\box2d\b2_collision.h">
      <Filter>include</Filter>
    </ClInclude>
    <ClInclude Include="..\..\include\box2d\b2_common.h">
      <Filter>include</Filter>
    </ClInclude>
    <ClInclude Include="..\..\include\box2d\b2_contact.h">
      <Filter>include</Filter>
    </ClInclude>
    <ClInclude Include="..\..\include\box2d\b2_contact_manager.h">
      <Filter>include</Filter>
    </ClInclude>
    <ClInclude Include="..\..\include\box2d\b2_distance.h">
      <Filter>include</Filter>
    </ClInclude>
    <ClInclude Include="..\..\include\box2d\b2_distance_joint.h">
      <Filter>include</Filter>
    </ClInclude>
    <ClInclude Include="..\..\include\box2d\b2_draw.h">
      <Filter>include</Filter>
    </ClInclude>
    <ClInclude Include="..\..\include\box2d\b2_dynamic_tree.h">
      <Filter>include</Filter>
    </ClInclude>
    <ClInclude Include="..\..\include\box2d\b2_edge_shape.h">
      <Filter>include</Filter>
    </ClInclude>
    <ClInclude Include="..\..\include\box2d\b2_fixture.h">
      <Filter>include</Filter>
    </ClInclude>
    <ClInclude Include="..\..\include\box2d\b2_friction_joint.h">
      <Filter>include</Filter>
    </ClInclude>
    <ClInclude Include="..\..\include\box2d\b2_gear_joint.h">
      <Filter>include</Filter>
    </ClInclude>
    <ClInclude Include="..\..\include\box2d\b2_growable_stack.h">
      <Filter>include</Filter>
    </ClInclude>
    <ClInclude Include="..\..\include\box2d\b2_joint.h">
      <Filter>include</Filter>
    </ClInclude>
    <ClInclude Include="..\..\include\box2d\b2_math.h">
      <Filter>include</Filter>
    </ClInclude>
    <ClInclude Include="..\..\include\box2d\b2_motor_joint.h">
      <Filter>include</Filter>
    </ClInclude>
    <ClInclude Include="..\..\include\box2d\b2_mouse_joint.h">
      <Filter>include</Filter>
    </ClInclude>
    <ClInclude Include="..\..\include\box2d\b2_polygon_shape.h">
      <Filter>include</Filter>
    </ClInclude>
    <ClInclude Include="..\..\include\box2d\b2_prismatic_joint.h">
      <Filter>include</Filter>
    </ClInclude>
    <ClInclude Include="..\..\include\box2d\b2_pulley_joint.h">
      <Filter>include</Filter>
    </ClInclude>
    <ClInclude Include="..\..\include\box2d\b2_revolute_joint.h">
      <Filter>include</Filter>
    </ClInclude>
    <ClInclude Include="..\..\include\box2d\b2_rope.h">
      <Filter>include</Filter>
    </ClInclude>
    <ClInclude Include="..\..\include\box2d\b2_settings.h">
      <Filter>include</Filter>
    </ClInclude>
    <ClInclude Include="..\..\include\box2d\b2_shape.h">
      <Filter>include</Filter>
    </ClInclude>
    <ClInclude Include="..\..\include\box2d\b2_stack_allocator.h">
      <Filter>include</Filter>
    </ClInclude>
    <ClInclude Include="..\..\include\box2d\b2_time_of_impact.h">
      <Filter>include</Filter>
    </ClInclude>
    <ClInclude Include="..\..\include\box2d\b2_time_step.h">
      <Filter>include</Filter>
    </ClInclude>
    <ClInclude Include="..\..\include\box2d\b2_timer.h">
      <Filter>include</Filter>
    </ClInclude>
    <ClInclude Include="..\..\include\box2d\b2_types.h">
      <Filter>include</Filter>
    </ClInclude>
    <ClInclude Include="..\..\include\box2d\b2_weld_joint.h">
      <Filter>include</Filter>
    </ClInclude>
    <ClInclude Include="..\..\include\box2d\b2_wheel_joint.h">
      <Filter>include</Filter>
    </ClInclude>
    <ClInclude Include="..\..\include\box2d\b2_world.h">
      <Filter>include</Filter>
    </ClInclude>
    <ClInclude Include="..\..\include\box2d\b2_world_callbacks.h">
      <Filter>include</Filter>
    </ClInclude>
    <ClInclude Include="..\..\include\box2d\box2d.h">
      <Filter>include</Filter>
    </ClInclude>
    <ClInclude Include="..\..\external\box2d\dynamics\b2_chain_circle_contact.h">
      <Filter>source\dynamics</Filter>
    </ClInclude>
    <ClInclude Include="..\..\external\box2d\dynamics\b2_chain_polygon_contact.h">
      <Filter>source\dynamics</Filter>
    </ClInclude>
    <ClInclude Include="..\..\external\box2d\dynamics\b2_circle_contact.h">
      <Filter>source\dynamics</Filter>
    </ClInclude>
    <ClInclude Include="..\..\external\box2d\dynamics\b2_contact_solver.h">
      <Filter>source\dynamics</Filter>
    </ClInclude>
    <ClInclude Include="..\..\external\box2d\dynamics\b2_edge_circle_contact.h">
      <Filter>source\dynamics</Filter>
    </ClInclude>
    <ClInclude Include="..\..\external\box2d\dynamics\b2_edge_polygon_contact.h">
      <Filter>source\dynamics</Filter>
    </ClInclude>
    <ClInclude Include="..\..\external\box2d\dynamics\b2_island.h">
      <Filter>source\dynamics</Filter>
    </ClInclude>
    <ClInclude Include="..\..\external\box2d\dynamics\b2_polygon_circle_contact.h">
      <Filter>source\dynamics</Filter>
    </ClInclude>
    <ClInclude Include="..\..\external\box2d\dynamics\b2_polygon_contact.h">
      <Filter>source\dynamics</Filter>
    </ClInclude>
  </ItemGroup>
  <ItemGroup>
    <ClCompile Include="..\..\external\box2d\collision\b2_broad_phase.cpp">
      <Filter>source\collision</Filter>
    </ClCompile>
    <ClCompile Include="..\..\external\box2d\collision\b2_chain_shape.cpp">
      <Filter>source\collision</Filter>
    </ClCompile>
    <ClCompile Include="..\..\external\box2d\collision\b2_circle_shape.cpp">
      <Filter>source\collision</Filter>
    </ClCompile>
    <ClCompile Include="..\..\external\box2d\collision\b2_collide_circle.cpp">
      <Filter>source\collision</Filter>
    </ClCompile>
    <ClCompile Include="..\..\external\box2d\collision\b2_collide_edge.cpp">
      <Filter>source\collision</Filter>
    </ClCompile>
    <ClCompile Include="..\..\external\box2d\collision\b2_collide_polygon.cpp">
      <Filter>source\collision</Filter>
    </ClCompile>
    <ClCompile Include="..\..\external\box2d\collision\b2_collision.cpp">
      <Filter>source\collision</Filter>
    </ClCompile>
    <ClCompile Include="..\..\external\box2d\collision\b2_distance.cpp">
      <Filter>source\collision</Filter>
    </ClCompile>
    <ClCompile Include="..\..\external\box2d\collision\b2_dynamic_tree.cpp">
      <Filter>source\collision</Filter>
    </ClCompile>
    <ClCompile Include="..\..\external\box2d\collision\b2_edge_shape.cpp">
      <Filter>source\collision</Filter>
    </ClCompile>
    <ClCompile Include="..\..\external\box2d\collision\b2_polygon_shape.cpp">
      <Filter>source\collision</Filter>
    </ClCompile>
    <ClCompile Include="..\..\external\box2d\collision\b2_time_of_impact.cpp">
      <Filter>source\collision</Filter>
    </ClCompile>
    <ClCompile Include="..\..\external\box2d\common\b2_block_allocator.cpp">
      <Filter>source\common</Filter>
    </ClCompile>
    <ClCompile Include="..\..\external\box2d\common\b2_draw.cpp">
      <Filter>source\common</Filter>
    </ClCompile>
    <ClCompile Include="..\..\external\box2d\common\b2_math.cpp">
      <Filter>source\common</Filter>
    </ClCompile>
    <ClCompile Include="..\..\external\box2d\common\b2_settings.cpp">
      <Filter>source\common</Filter>
    </ClCompile>
    <ClCompile Include="..\..\external\box2d\common\b2_stack_allocator.cpp">
      <Filter>source\common</Filter>
    </ClCompile>
    <ClCompile Include="..\..\external\box2d\common\b2_timer.cpp">
      <Filter>source\common</Filter>
    </ClCompile>
    <ClCompile Include="..\..\external\box2d\dynamics\b2_body.cpp">
      <Filter>source\dynamics</Filter>
    </ClCompile>
    <ClCompile Include="..\..\external\box2d\dynamics\b2_chain_circle_contact.cpp">
      <Filter>source\dynamics</Filter>
    </ClCompile>
    <ClCompile Include="..\..\external\box2d\dynamics\b2_chain_polygon_contact.cpp">
      <Filter>source\dynamics</Filter>
    </ClCompile>
    <ClCompile Include="..\..\external\box2d\dynamics\b2_circle_contact.cpp">
      <Filter>source\dynamics</Filter>
    </ClCompile>
    <ClCompile Include="..\..\external\box2d\dynamics\b2_contact.cpp">
      <Filter>source\dynamics</Filter>
    </ClCompile>
    <ClCompile Include="..\..\external\box2d\dynamics\b2_contact_manager.cpp">
      <Filter>source\dynamics</Filter>
    </ClCompile>
    <ClCompile Include="..\..\external\box2d\dynamics\b2_contact_solver.cpp">
      <Filter>source\dynamics</Filter>
    </ClCompile>
    <ClCompile Include="..\..\external\box2d\dynamics\b2_distance_joint.cpp">
      <Filter>source\dynamics</Filter>
    </ClCompile>
    <ClCompile Include="..\..\external\box2d\dynamics\b2_edge_circle_contact.cpp">
      <Filter>source\dynamics</Filter>
    </ClCompile>
    <ClCompile Include="..\..\external\box2d\dynamics\b2_edge_polygon_contact.cpp">
      <Filter>source\dynamics</Filter>
    </ClCompile>
    <ClCompile Include="..\..\external\box2d\dynamics\b2_fixture.cpp">
      <Filter>source\dynamics</Filter>
    </ClCompile>
    <ClCompile Include="..\..\external\box2d\dynamics\b2_friction_joint.cpp">
      <Filter>source\dynamics</Filter>
    </ClCompile>
    <ClCompile Include="..\..\external\box2d\dynamics\b2_gear_joint.cpp">
      <Filter>source\dynamics</Filter>
    </ClCompile>
    <ClCompile Include="..\..\external\box2d\dynamics\b2_island.cpp">
      <Filter>source\dynamics</Filter>
    </ClCompile>
    <ClCompile Include="..\..\external\box2d\dynamics\b2_joint.cpp">
      <Filter>source\dynamics</Filter>
    </ClCompile>
    <ClCompile Include="..\..\external\box2d\dynamics\b2_motor_joint.cpp">
      <Filter>source\dynamics</Filter>
    </ClCompile>
    <ClCompile Include="..\..\external\box2d\dynamics\b2_mouse_joint.cpp">
      <Filter>source\dynamics</Filter>
    </ClCompile>
    <ClCompile Include="..\..\external\box2d\dynamics\b2_polygon_circle_contact.cpp">
      <Filter>source\dynamics</Filter>
    </ClCompile>
    <ClCompile Include="..\..\external\box2d\dynamics\b2_polygon_contact.cpp">
      <Filter>source\dynamics</Filter>
    </ClCompile>
    <ClCompile Include="..\..\external\box2d\dynamics\b2_prismatic_joint.cpp">
      <Filter>source\dynamics</Filter>
    </ClCompile>
    <ClCompile Include="..\..\external\box2d\dynamics\b2_pulley_joint.cpp">
      <Filter>source\dynamics</Filter>
    </ClCompile>
    <ClCompile Include="..\..\external\box2d\dynamics\b2_revolute_joint.cpp">
      <Filter>source\dynamics</Filter>
    </ClCompile>
    <ClCompile Include="..\..\external\box2d\dynamics\b2_weld_joint.cpp">
      <Filter>source\dynamics</Filter>
    </ClCompile>
    <ClCompile Include="..\..\external\box2d\dynamics\b2_wheel_joint.cpp">
      <Filter>source\dynamics</Filter>
    </ClCompile>
    <ClCompile Include="..\..\external\box2d\dynamics\b2_world.cpp">
      <Filter>source\dynamics</Filter>
    </ClCompile>
    <ClCompile Include="..\..\external\box2d\dynamics\b2_world_callbacks.cpp">
      <Filter>source\dynamics</Filter>
    </ClCompile>
    <ClCompile Include="..\..\external\box2d\rope\b2_rope.cpp">
      <Filter>source\rope</Filter>
    </ClCompile>
  </ItemGroup>
</Project>