<?xml version="1.0" encoding="utf-8"?>
<Project ToolsVersion="4.0" xmlns="http://schemas.microsoft.com/developer/msbuild/2003">
  <ItemGroup>
    <Filter Include="include">
      <UniqueIdentifier>{6031bcde-0610-4409-ae5c-3924f76073d6}</UniqueIdentifier>
    </Filter>
    <Filter Include="source">
      <UniqueIdentifier>{be7fc702-5de5-42ab-aa2e-98536218ed6f}</UniqueIdentifier>
    </Filter>
  </ItemGroup>
  <ItemGroup>
    <ClInclude Include="..\..\include\slikenet\_FindFirst.h">
      <Filter>include</Filter>
    </ClInclude>
    <ClInclude Include="..\..\include\slikenet\alloca.h">
      <Filter>include</Filter>
    </ClInclude>
    <ClInclude Include="..\..\include\slikenet\assert.h">
      <Filter>include</Filter>
    </ClInclude>
    <ClInclude Include="..\..\include\slikenet\AutopatcherPatchContext.h">
      <Filter>include</Filter>
    </ClInclude>
    <ClInclude Include="..\..\include\slikenet\AutopatcherRepositoryInterface.h">
      <Filter>include</Filter>
    </ClInclude>
    <ClInclude Include="..\..\include\slikenet\Base64Encoder.h">
      <Filter>include</Filter>
    </ClInclude>
    <ClInclude Include="..\..\include\slikenet\BitStream.h">
      <Filter>include</Filter>
    </ClInclude>
    <ClInclude Include="..\..\include\slikenet\CCRakNetSlidingWindow.h">
      <Filter>include</Filter>
    </ClInclude>
    <ClInclude Include="..\..\include\slikenet\CCRakNetUDT.h">
      <Filter>include</Filter>
    </ClInclude>
    <ClInclude Include="..\..\include\slikenet\CheckSum.h">
      <Filter>include</Filter>
    </ClInclude>
    <ClInclude Include="..\..\include\slikenet\CloudClient.h">
      <Filter>include</Filter>
    </ClInclude>
    <ClInclude Include="..\..\include\slikenet\CloudCommon.h">
      <Filter>include</Filter>
    </ClInclude>
    <ClInclude Include="..\..\include\slikenet\CloudServer.h">
      <Filter>include</Filter>
    </ClInclude>
    <ClInclude Include="..\..\include\slikenet\commandparser.h">
      <Filter>include</Filter>
    </ClInclude>
    <ClInclude Include="..\..\include\slikenet\CommandParserInterface.h">
      <Filter>include</Filter>
    </ClInclude>
    <ClInclude Include="..\..\include\slikenet\ConnectionGraph2.h">
      <Filter>include</Filter>
    </ClInclude>
    <ClInclude Include="..\..\include\slikenet\ConsoleServer.h">
      <Filter>include</Filter>
    </ClInclude>
    <ClInclude Include="..\..\include\slikenet\DataCompressor.h">
      <Filter>include</Filter>
    </ClInclude>
    <ClInclude Include="..\..\include\slikenet\defineoverrides.h">
      <Filter>include</Filter>
    </ClInclude>
    <ClInclude Include="..\..\include\slikenet\defines.h">
      <Filter>include</Filter>
    </ClInclude>
    <ClInclude Include="..\..\include\slikenet\DirectoryDeltaTransfer.h">
      <Filter>include</Filter>
    </ClInclude>
    <ClInclude Include="..\..\include\slikenet\DR_SHA1.h">
      <Filter>include</Filter>
    </ClInclude>
    <ClInclude Include="..\..\include\slikenet\DS_BinarySearchTree.h">
      <Filter>include</Filter>
    </ClInclude>
    <ClInclude Include="..\..\include\slikenet\DS_BPlusTree.h">
      <Filter>include</Filter>
    </ClInclude>
    <ClInclude Include="..\..\include\slikenet\DS_BytePool.h">
      <Filter>include</Filter>
    </ClInclude>
    <ClInclude Include="..\..\include\slikenet\DS_ByteQueue.h">
      <Filter>include</Filter>
    </ClInclude>
    <ClInclude Include="..\..\include\slikenet\DS_Hash.h">
      <Filter>include</Filter>
    </ClInclude>
    <ClInclude Include="..\..\include\slikenet\DS_Heap.h">
      <Filter>include</Filter>
    </ClInclude>
    <ClInclude Include="..\..\include\slikenet\DS_HuffmanEncodingTree.h">
      <Filter>include</Filter>
    </ClInclude>
    <ClInclude Include="..\..\include\slikenet\DS_HuffmanEncodingTreeFactory.h">
      <Filter>include</Filter>
    </ClInclude>
    <ClInclude Include="..\..\include\slikenet\DS_HuffmanEncodingTreeNode.h">
      <Filter>include</Filter>
    </ClInclude>
    <ClInclude Include="..\..\include\slikenet\DS_LinkedList.h">
      <Filter>include</Filter>
    </ClInclude>
    <ClInclude Include="..\..\include\slikenet\DS_List.h">
      <Filter>include</Filter>
    </ClInclude>
    <ClInclude Include="..\..\include\slikenet\DS_Map.h">
      <Filter>include</Filter>
    </ClInclude>
    <ClInclude Include="..\..\include\slikenet\DS_MemoryPool.h">
      <Filter>include</Filter>
    </ClInclude>
    <ClInclude Include="..\..\include\slikenet\DS_Multilist.h">
      <Filter>include</Filter>
    </ClInclude>
    <ClInclude Include="..\..\include\slikenet\DS_OrderedChannelHeap.h">
      <Filter>include</Filter>
    </ClInclude>
    <ClInclude Include="..\..\include\slikenet\DS_OrderedList.h">
      <Filter>include</Filter>
    </ClInclude>
    <ClInclude Include="..\..\include\slikenet\DS_Queue.h">
      <Filter>include</Filter>
    </ClInclude>
    <ClInclude Include="..\..\include\slikenet\DS_QueueLinkedList.h">
      <Filter>include</Filter>
    </ClInclude>
    <ClInclude Include="..\..\include\slikenet\DS_RangeList.h">
      <Filter>include</Filter>
    </ClInclude>
    <ClInclude Include="..\..\include\slikenet\DS_Table.h">
      <Filter>include</Filter>
    </ClInclude>
    <ClInclude Include="..\..\include\slikenet\DS_ThreadsafeAllocatingQueue.h">
      <Filter>include</Filter>
    </ClInclude>
    <ClInclude Include="..\..\include\slikenet\DS_Tree.h">
      <Filter>include</Filter>
    </ClInclude>
    <ClInclude Include="..\..\include\slikenet\DS_WeightedGraph.h">
      <Filter>include</Filter>
    </ClInclude>
    <ClInclude Include="..\..\include\slikenet\DynDNS.h">
      <Filter>include</Filter>
    </ClInclude>
    <ClInclude Include="..\..\include\slikenet\EmailSender.h">
      <Filter>include</Filter>
    </ClInclude>
    <ClInclude Include="..\..\include\slikenet\EmptyHeader.h">
      <Filter>include</Filter>
    </ClInclude>
    <ClInclude Include="..\..\include\slikenet\EpochTimeToString.h">
      <Filter>include</Filter>
    </ClInclude>
    <ClInclude Include="..\..\include\slikenet\Export.h">
      <Filter>include</Filter>
    </ClInclude>
    <ClInclude Include="..\..\include\slikenet\FileList.h">
      <Filter>include</Filter>
    </ClInclude>
    <ClInclude Include="..\..\include\slikenet\FileListNodeContext.h">
      <Filter>include</Filter>
    </ClInclude>
    <ClInclude Include="..\..\include\slikenet\FileListTransfer.h">
      <Filter>include</Filter>
    </ClInclude>
    <ClInclude Include="..\..\include\slikenet\FileListTransferCBInterface.h">
      <Filter>include</Filter>
    </ClInclude>
    <ClInclude Include="..\..\include\slikenet\FileOperations.h">
      <Filter>include</Filter>
    </ClInclude>
    <ClInclude Include="..\..\include\slikenet\FormatString.h">
      <Filter>include</Filter>
    </ClInclude>
    <ClInclude Include="..\..\include\slikenet\FullyConnectedMesh2.h">
      <Filter>include</Filter>
    </ClInclude>
    <ClInclude Include="..\..\include\slikenet\Getche.h">
      <Filter>include</Filter>
    </ClInclude>
    <ClInclude Include="..\..\include\slikenet\Gets.h">
      <Filter>include</Filter>
    </ClInclude>
    <ClInclude Include="..\..\include\slikenet\GetTime.h">
      <Filter>include</Filter>
    </ClInclude>
    <ClInclude Include="..\..\include\slikenet\gettimeofday.h">
      <Filter>include</Filter>
    </ClInclude>
    <ClInclude Include="..\..\include\slikenet\GridSectorizer.h">
      <Filter>include</Filter>
    </ClInclude>
    <ClInclude Include="..\..\include\slikenet\HTTPConnection.h">
      <Filter>include</Filter>
    </ClInclude>
    <ClInclude Include="..\..\include\slikenet\HTTPConnection2.h">
      <Filter>include</Filter>
    </ClInclude>
    <ClInclude Include="..\..\include\slikenet\IncrementalReadInterface.h">
      <Filter>include</Filter>
    </ClInclude>
    <ClInclude Include="..\..\include\slikenet\InternalPacket.h">
      <Filter>include</Filter>
    </ClInclude>
    <ClInclude Include="..\..\include\slikenet\Itoa.h">
      <Filter>include</Filter>
    </ClInclude>
    <ClInclude Include="..\..\include\slikenet\Kbhit.h">
      <Filter>include</Filter>
    </ClInclude>
    <ClInclude Include="..\..\include\slikenet\linux_adapter.h">
      <Filter>include</Filter>
    </ClInclude>
    <ClInclude Include="..\..\include\slikenet\LinuxStrings.h">
      <Filter>include</Filter>
    </ClInclude>
    <ClInclude Include="..\..\include\slikenet\LocklessTypes.h">
      <Filter>include</Filter>
    </ClInclude>
    <ClInclude Include="..\..\include\slikenet\LogCommandParser.h">
      <Filter>include</Filter>
    </ClInclude>
    <ClInclude Include="..\..\include\slikenet\memoryoverride.h">
      <Filter>include</Filter>
    </ClInclude>
    <ClInclude Include="..\..\include\slikenet\MessageFilter.h">
      <Filter>include</Filter>
    </ClInclude>
    <ClInclude Include="..\..\include\slikenet\MessageIdentifiers.h">
      <Filter>include</Filter>
    </ClInclude>
    <ClInclude Include="..\..\include\slikenet\MTUSize.h">
      <Filter>include</Filter>
    </ClInclude>
    <ClInclude Include="..\..\include\slikenet\NativeFeatureIncludes.h">
      <Filter>include</Filter>
    </ClInclude>
    <ClInclude Include="..\..\include\slikenet\NativeFeatureIncludesOverrides.h">
      <Filter>include</Filter>
    </ClInclude>
    <ClInclude Include="..\..\include\slikenet\NativeTypes.h">
      <Filter>include</Filter>
    </ClInclude>
    <ClInclude Include="..\..\include\slikenet\NatPunchthroughClient.h">
      <Filter>include</Filter>
    </ClInclude>
    <ClInclude Include="..\..\include\slikenet\NatPunchthroughServer.h">
      <Filter>include</Filter>
    </ClInclude>
    <ClInclude Include="..\..\include\slikenet\NatTypeDetectionClient.h">
      <Filter>include</Filter>
    </ClInclude>
    <ClInclude Include="..\..\include\slikenet\NatTypeDetectionCommon.h">
      <Filter>include</Filter>
    </ClInclude>
    <ClInclude Include="..\..\include\slikenet\NatTypeDetectionServer.h">
      <Filter>include</Filter>
    </ClInclude>
    <ClInclude Include="..\..\include\slikenet\NetworkIDManager.h">
      <Filter>include</Filter>
    </ClInclude>
    <ClInclude Include="..\..\include\slikenet\NetworkIDObject.h">
      <Filter>include</Filter>
    </ClInclude>
    <ClInclude Include="..\..\include\slikenet\osx_adapter.h">
      <Filter>include</Filter>
    </ClInclude>
    <ClInclude Include="..\..\include\slikenet\PacketConsoleLogger.h">
      <Filter>include</Filter>
    </ClInclude>
    <ClInclude Include="..\..\include\slikenet\PacketFileLogger.h">
      <Filter>include</Filter>
    </ClInclude>
    <ClInclude Include="..\..\include\slikenet\PacketizedTCP.h">
      <Filter>include</Filter>
    </ClInclude>
    <ClInclude Include="..\..\include\slikenet\PacketLogger.h">
      <Filter>include</Filter>
    </ClInclude>
    <ClInclude Include="..\..\include\slikenet\PacketOutputWindowLogger.h">
      <Filter>include</Filter>
    </ClInclude>
    <ClInclude Include="..\..\include\slikenet\PacketPool.h">
      <Filter>include</Filter>
    </ClInclude>
    <ClInclude Include="..\..\include\slikenet\PacketPriority.h">
      <Filter>include</Filter>
    </ClInclude>
    <ClInclude Include="..\..\include\slikenet\peer.h">
      <Filter>include</Filter>
    </ClInclude>
    <ClInclude Include="..\..\include\slikenet\peerinterface.h">
      <Filter>include</Filter>
    </ClInclude>
    <ClInclude Include="..\..\include\slikenet\PluginInterface2.h">
      <Filter>include</Filter>
    </ClInclude>
    <ClInclude Include="..\..\include\slikenet\PS3Includes.h">
      <Filter>include</Filter>
    </ClInclude>
    <ClInclude Include="..\..\include\slikenet\PS4Includes.h">
      <Filter>include</Filter>
    </ClInclude>
    <ClInclude Include="..\..\include\slikenet\Rackspace.h">
      <Filter>include</Filter>
    </ClInclude>
    <ClInclude Include="..\..\include\slikenet\Rand.h">
      <Filter>include</Filter>
    </ClInclude>
    <ClInclude Include="..\..\include\slikenet\RandSync.h">
      <Filter>include</Filter>
    </ClInclude>
    <ClInclude Include="..\..\include\slikenet\ReadyEvent.h">
      <Filter>include</Filter>
    </ClInclude>
    <ClInclude Include="..\..\include\slikenet\RefCountedObj.h">
      <Filter>include</Filter>
    </ClInclude>
    <ClInclude Include="..\..\include\slikenet\RelayPlugin.h">
      <Filter>include</Filter>
    </ClInclude>
    <ClInclude Include="..\..\include\slikenet\ReliabilityLayer.h">
      <Filter>include</Filter>
    </ClInclude>
    <ClInclude Include="..\..\include\slikenet\ReplicaEnums.h">
      <Filter>include</Filter>
    </ClInclude>
    <ClInclude Include="..\..\include\slikenet\ReplicaManager3.h">
      <Filter>include</Filter>
    </ClInclude>
    <ClInclude Include="..\..\include\slikenet\Router2.h">
      <Filter>include</Filter>
    </ClInclude>
    <ClInclude Include="..\..\include\slikenet\RPC4Plugin.h">
      <Filter>include</Filter>
    </ClInclude>
    <ClInclude Include="..\..\include\slikenet\SecureHandshake.h">
      <Filter>include</Filter>
    </ClInclude>
    <ClInclude Include="..\..\include\slikenet\SendToThread.h">
      <Filter>include</Filter>
    </ClInclude>
    <ClInclude Include="..\..\include\slikenet\SignaledEvent.h">
      <Filter>include</Filter>
    </ClInclude>
    <ClInclude Include="..\..\include\slikenet\SimpleMutex.h">
      <Filter>include</Filter>
    </ClInclude>
    <ClInclude Include="..\..\include\slikenet\SimpleTCPServer.h">
      <Filter>include</Filter>
    </ClInclude>
    <ClInclude Include="..\..\include\slikenet\SingleProducerConsumer.h">
      <Filter>include</Filter>
    </ClInclude>
    <ClInclude Include="..\..\include\slikenet\sleep.h">
      <Filter>include</Filter>
    </ClInclude>
    <ClInclude Include="..\..\include\slikenet\slikenet.h">
      <Filter>include</Filter>
    </ClInclude>
    <ClInclude Include="..\..\include\slikenet\smartptr.h">
      <Filter>include</Filter>
    </ClInclude>
    <ClInclude Include="..\..\include\slikenet\socket.h">
      <Filter>include</Filter>
    </ClInclude>
    <ClInclude Include="..\..\include\slikenet\socket2.h">
      <Filter>include</Filter>
    </ClInclude>
    <ClInclude Include="..\..\include\slikenet\SocketDefines.h">
      <Filter>include</Filter>
    </ClInclude>
    <ClInclude Include="..\..\include\slikenet\SocketIncludes.h">
      <Filter>include</Filter>
    </ClInclude>
    <ClInclude Include="..\..\include\slikenet\SocketLayer.h">
      <Filter>include</Filter>
    </ClInclude>
    <ClInclude Include="..\..\include\slikenet\statistics.h">
      <Filter>include</Filter>
    </ClInclude>
    <ClInclude Include="..\..\include\slikenet\StatisticsHistory.h">
      <Filter>include</Filter>
    </ClInclude>
    <ClInclude Include="..\..\include\slikenet\string.h">
      <Filter>include</Filter>
    </ClInclude>
    <ClInclude Include="..\..\include\slikenet\StringCompressor.h">
      <Filter>include</Filter>
    </ClInclude>
    <ClInclude Include="..\..\include\slikenet\StringTable.h">
      <Filter>include</Filter>
    </ClInclude>
    <ClInclude Include="..\..\include\slikenet\SuperFastHash.h">
      <Filter>include</Filter>
    </ClInclude>
    <ClInclude Include="..\..\include\slikenet\TableSerializer.h">
      <Filter>include</Filter>
    </ClInclude>
    <ClInclude Include="..\..\include\slikenet\TCPInterface.h">
      <Filter>include</Filter>
    </ClInclude>
    <ClInclude Include="..\..\include\slikenet\TeamBalancer.h">
      <Filter>include</Filter>
    </ClInclude>
    <ClInclude Include="..\..\include\slikenet\TeamManager.h">
      <Filter>include</Filter>
    </ClInclude>
    <ClInclude Include="..\..\include\slikenet\TelnetTransport.h">
      <Filter>include</Filter>
    </ClInclude>
    <ClInclude Include="..\..\include\slikenet\thread.h">
      <Filter>include</Filter>
    </ClInclude>
    <ClInclude Include="..\..\include\slikenet\ThreadPool.h">
      <Filter>include</Filter>
    </ClInclude>
    <ClInclude Include="..\..\include\slikenet\ThreadsafePacketLogger.h">
      <Filter>include</Filter>
    </ClInclude>
    <ClInclude Include="..\..\include\slikenet\time.h">
      <Filter>include</Filter>
    </ClInclude>
    <ClInclude Include="..\..\include\slikenet\transport2.h">
      <Filter>include</Filter>
    </ClInclude>
    <ClInclude Include="..\..\include\slikenet\TransportInterface.h">
      <Filter>include</Filter>
    </ClInclude>
    <ClInclude Include="..\..\include\slikenet\TwoWayAuthentication.h">
      <Filter>include</Filter>
    </ClInclude>
    <ClInclude Include="..\..\include\slikenet\types.h">
      <Filter>include</Filter>
    </ClInclude>
    <ClInclude Include="..\..\include\slikenet\UDPForwarder.h">
      <Filter>include</Filter>
    </ClInclude>
    <ClInclude Include="..\..\include\slikenet\UDPProxyClient.h">
      <Filter>include</Filter>
    </ClInclude>
    <ClInclude Include="..\..\include\slikenet\UDPProxyCommon.h">
      <Filter>include</Filter>
    </ClInclude>
    <ClInclude Include="..\..\include\slikenet\UDPProxyCoordinator.h">
      <Filter>include</Filter>
    </ClInclude>
    <ClInclude Include="..\..\include\slikenet\UDPProxyServer.h">
      <Filter>include</Filter>
    </ClInclude>
    <ClInclude Include="..\..\include\slikenet\VariableDeltaSerializer.h">
      <Filter>include</Filter>
    </ClInclude>
    <ClInclude Include="..\..\include\slikenet\VariableListDeltaTracker.h">
      <Filter>include</Filter>
    </ClInclude>
    <ClInclude Include="..\..\include\slikenet\VariadicSQLParser.h">
      <Filter>include</Filter>
    </ClInclude>
    <ClInclude Include="..\..\include\slikenet\version.h">
      <Filter>include</Filter>
    </ClInclude>
    <ClInclude Include="..\..\include\slikenet\VitaIncludes.h">
      <Filter>include</Filter>
    </ClInclude>
    <ClInclude Include="..\..\include\slikenet\WindowsIncludes.h">
      <Filter>include</Filter>
    </ClInclude>
    <ClInclude Include="..\..\include\slikenet\WSAStartupSingleton.h">
      <Filter>include</Filter>
    </ClInclude>
    <ClInclude Include="..\..\include\slikenet\wstring.h">
      <Filter>include</Filter>
    </ClInclude>
    <ClInclude Include="..\..\include\slikenet\XBox360Includes.h">
      <Filter>include</Filter>
    </ClInclude>
  </ItemGroup>
  <ItemGroup>
    <ClCompile Include="..\..\external\slikenet\Source\src\_FindFirst.cpp">
      <Filter>source</Filter>
    </ClCompile>
    <ClCompile Include="..\..\external\slikenet\Source\src\Base64Encoder.cpp">
      <Filter>source</Filter>
    </ClCompile>
    <ClCompile Include="..\..\external\slikenet\Source\src\BitStream.cpp">
      <Filter>source</Filter>
    </ClCompile>
    <ClCompile Include="..\..\external\slikenet\Source\src\CCRakNetSlidingWindow.cpp">
      <Filter>source</Filter>
    </ClCompile>
    <ClCompile Include="..\..\external\slikenet\Source\src\CCRakNetUDT.cpp">
      <Filter>source</Filter>
    </ClCompile>
    <ClCompile Include="..\..\external\slikenet\Source\src\CheckSum.cpp">
      <Filter>source</Filter>
    </ClCompile>
    <ClCompile Include="..\..\external\slikenet\Source\src\CloudClient.cpp">
      <Filter>source</Filter>
    </ClCompile>
    <ClCompile Include="..\..\external\slikenet\Source\src\CloudCommon.cpp">
      <Filter>source</Filter>
    </ClCompile>
    <ClCompile Include="..\..\external\slikenet\Source\src\CloudServer.cpp">
      <Filter>source</Filter>
    </ClCompile>
    <ClCompile Include="..\..\external\slikenet\Source\src\CommandParserInterface.cpp">
      <Filter>source</Filter>
    </ClCompile>
    <ClCompile Include="..\..\external\slikenet\Source\src\ConnectionGraph2.cpp">
      <Filter>source</Filter>
    </ClCompile>
    <ClCompile Include="..\..\external\slikenet\Source\src\ConsoleServer.cpp">
      <Filter>source</Filter>
    </ClCompile>
    <ClCompile Include="..\..\external\slikenet\Source\src\DataCompressor.cpp">
      <Filter>source</Filter>
    </ClCompile>
    <ClCompile Include="..\..\external\slikenet\Source\src\DirectoryDeltaTransfer.cpp">
      <Filter>source</Filter>
    </ClCompile>
    <ClCompile Include="..\..\external\slikenet\Source\src\DR_SHA1.cpp">
      <Filter>source</Filter>
    </ClCompile>
    <ClCompile Include="..\..\external\slikenet\Source\src\DS_BytePool.cpp">
      <Filter>source</Filter>
    </ClCompile>
    <ClCompile Include="..\..\external\slikenet\Source\src\DS_ByteQueue.cpp">
      <Filter>source</Filter>
    </ClCompile>
    <ClCompile Include="..\..\external\slikenet\Source\src\DS_HuffmanEncodingTree.cpp">
      <Filter>source</Filter>
    </ClCompile>
    <ClCompile Include="..\..\external\slikenet\Source\src\DS_Table.cpp">
      <Filter>source</Filter>
    </ClCompile>
    <ClCompile Include="..\..\external\slikenet\Source\src\DynDNS.cpp">
      <Filter>source</Filter>
    </ClCompile>
    <ClCompile Include="..\..\external\slikenet\Source\src\EmailSender.cpp">
      <Filter>source</Filter>
    </ClCompile>
    <ClCompile Include="..\..\external\slikenet\Source\src\EpochTimeToString.cpp">
      <Filter>source</Filter>
    </ClCompile>
    <ClCompile Include="..\..\external\slikenet\Source\src\FileList.cpp">
      <Filter>source</Filter>
    </ClCompile>
    <ClCompile Include="..\..\external\slikenet\Source\src\FileListTransfer.cpp">
      <Filter>source</Filter>
    </ClCompile>
    <ClCompile Include="..\..\external\slikenet\Source\src\FileOperations.cpp">
      <Filter>source</Filter>
    </ClCompile>
    <ClCompile Include="..\..\external\slikenet\Source\src\FormatString.cpp">
      <Filter>source</Filter>
    </ClCompile>
    <ClCompile Include="..\..\external\slikenet\Source\src\FullyConnectedMesh2.cpp">
      <Filter>source</Filter>
    </ClCompile>
    <ClCompile Include="..\..\external\slikenet\Source\src\Getche.cpp">
      <Filter>source</Filter>
    </ClCompile>
    <ClCompile Include="..\..\external\slikenet\Source\src\Gets.cpp">
      <Filter>source</Filter>
    </ClCompile>
    <ClCompile Include="..\..\external\slikenet\Source\src\GetTime.cpp">
      <Filter>source</Filter>
    </ClCompile>
    <ClCompile Include="..\..\external\slikenet\Source\src\gettimeofday.cpp">
      <Filter>source</Filter>
    </ClCompile>
    <ClCompile Include="..\..\external\slikenet\Source\src\GridSectorizer.cpp">
      <Filter>source</Filter>
    </ClCompile>
    <ClCompile Include="..\..\external\slikenet\Source\src\HTTPConnection.cpp">
      <Filter>source</Filter>
    </ClCompile>
    <ClCompile Include="..\..\external\slikenet\Source\src\HTTPConnection2.cpp">
      <Filter>source</Filter>
    </ClCompile>
    <ClCompile Include="..\..\external\slikenet\Source\src\IncrementalReadInterface.cpp">
      <Filter>source</Filter>
    </ClCompile>
    <ClCompile Include="..\..\external\slikenet\Source\src\Itoa.cpp">
      <Filter>source</Filter>
    </ClCompile>
    <ClCompile Include="..\..\external\slikenet\Source\src\linux_adapter.cpp">
      <Filter>source</Filter>
    </ClCompile>
    <ClCompile Include="..\..\external\slikenet\Source\src\LinuxStrings.cpp">
      <Filter>source</Filter>
    </ClCompile>
    <ClCompile Include="..\..\external\slikenet\Source\src\LocklessTypes.cpp">
      <Filter>source</Filter>
    </ClCompile>
    <ClCompile Include="..\..\external\slikenet\Source\src\LogCommandParser.cpp">
      <Filter>source</Filter>
    </ClCompile>
    <ClCompile Include="..\..\external\slikenet\Source\src\MessageFilter.cpp">
      <Filter>source</Filter>
    </ClCompile>
    <ClCompile Include="..\..\external\slikenet\Source\src\NatPunchthroughClient.cpp">
      <Filter>source</Filter>
    </ClCompile>
    <ClCompile Include="..\..\external\slikenet\Source\src\NatPunchthroughServer.cpp">
      <Filter>source</Filter>
    </ClCompile>
    <ClCompile Include="..\..\external\slikenet\Source\src\NatTypeDetectionClient.cpp">
      <Filter>source</Filter>
    </ClCompile>
    <ClCompile Include="..\..\external\slikenet\Source\src\NatTypeDetectionCommon.cpp">
      <Filter>source</Filter>
    </ClCompile>
    <ClCompile Include="..\..\external\slikenet\Source\src\NatTypeDetectionServer.cpp">
      <Filter>source</Filter>
    </ClCompile>
    <ClCompile Include="..\..\external\slikenet\Source\src\NetworkIDManager.cpp">
      <Filter>source</Filter>
    </ClCompile>
    <ClCompile Include="..\..\external\slikenet\Source\src\NetworkIDObject.cpp">
      <Filter>source</Filter>
    </ClCompile>
    <ClCompile Include="..\..\external\slikenet\Source\src\osx_adapter.cpp">
      <Filter>source</Filter>
    </ClCompile>
    <ClCompile Include="..\..\external\slikenet\Source\src\PacketConsoleLogger.cpp">
      <Filter>source</Filter>
    </ClCompile>
    <ClCompile Include="..\..\external\slikenet\Source\src\PacketFileLogger.cpp">
      <Filter>source</Filter>
    </ClCompile>
    <ClCompile Include="..\..\external\slikenet\Source\src\PacketizedTCP.cpp">
      <Filter>source</Filter>
    </ClCompile>
    <ClCompile Include="..\..\external\slikenet\Source\src\PacketLogger.cpp">
      <Filter>source</Filter>
    </ClCompile>
    <ClCompile Include="..\..\external\slikenet\Source\src\PacketOutputWindowLogger.cpp">
      <Filter>source</Filter>
    </ClCompile>
    <ClCompile Include="..\..\external\slikenet\Source\src\PluginInterface2.cpp">
      <Filter>source</Filter>
    </ClCompile>
    <ClCompile Include="..\..\external\slikenet\Source\src\PS4Includes.cpp">
      <Filter>source</Filter>
    </ClCompile>
    <ClCompile Include="..\..\external\slikenet\Source\src\Rackspace.cpp">
      <Filter>source</Filter>
    </ClCompile>
    <ClCompile Include="..\..\external\slikenet\Source\src\RakMemoryOverride.cpp">
      <Filter>source</Filter>
    </ClCompile>
    <ClCompile Include="..\..\external\slikenet\Source\src\RakNetCommandParser.cpp">
      <Filter>source</Filter>
    </ClCompile>
    <ClCompile Include="..\..\external\slikenet\Source\src\RakNetSocket.cpp">
      <Filter>source</Filter>
    </ClCompile>
    <ClCompile Include="..\..\external\slikenet\Source\src\RakNetSocket2.cpp">
      <Filter>source</Filter>
    </ClCompile>
    <ClCompile Include="..\..\external\slikenet\Source\src\RakNetSocket2_360_720.cpp">
      <Filter>source</Filter>
    </ClCompile>
    <ClCompile Include="..\..\external\slikenet\Source\src\RakNetSocket2_Berkley.cpp">
      <Filter>source</Filter>
    </ClCompile>
    <ClCompile Include="..\..\external\slikenet\Source\src\RakNetSocket2_Berkley_NativeClient.cpp">
      <Filter>source</Filter>
    </ClCompile>
    <ClCompile Include="..\..\external\slikenet\Source\src\RakNetSocket2_NativeClient.cpp">
      <Filter>source</Filter>
    </ClCompile>
    <ClCompile Include="..\..\external\slikenet\Source\src\RakNetSocket2_PS3_PS4.cpp">
      <Filter>source</Filter>
    </ClCompile>
    <ClCompile Include="..\..\external\slikenet\Source\src\RakNetSocket2_PS4.cpp">
      <Filter>source</Filter>
    </ClCompile>
    <ClCompile Include="..\..\external\slikenet\Source\src\RakNetSocket2_Vita.cpp">
      <Filter>source</Filter>
    </ClCompile>
    <ClCompile Include="..\..\external\slikenet\Source\src\RakNetSocket2_Windows_Linux.cpp">
      <Filter>source</Filter>
    </ClCompile>
    <ClCompile Include="..\..\external\slikenet\Source\src\RakNetSocket2_Windows_Linux_360.cpp">
      <Filter>source</Filter>
    </ClCompile>
    <ClCompile Include="..\..\external\slikenet\Source\src\RakNetSocket2_WindowsStore8.cpp">
      <Filter>source</Filter>
    </ClCompile>
    <ClCompile Include="..\..\external\slikenet\Source\src\RakNetStatistics.cpp">
      <Filter>source</Filter>
    </ClCompile>
    <ClCompile Include="..\..\external\slikenet\Source\src\RakNetTransport2.cpp">
      <Filter>source</Filter>
    </ClCompile>
    <ClCompile Include="..\..\external\slikenet\Source\src\RakNetTypes.cpp">
      <Filter>source</Filter>
    </ClCompile>
    <ClCompile Include="..\..\external\slikenet\Source\src\RakPeer.cpp">
      <Filter>source</Filter>
    </ClCompile>
    <ClCompile Include="..\..\external\slikenet\Source\src\RakSleep.cpp">
      <Filter>source</Filter>
    </ClCompile>
    <ClCompile Include="..\..\external\slikenet\Source\src\RakString.cpp">
      <Filter>source</Filter>
    </ClCompile>
    <ClCompile Include="..\..\external\slikenet\Source\src\RakThread.cpp">
      <Filter>source</Filter>
    </ClCompile>
    <ClCompile Include="..\..\external\slikenet\Source\src\RakWString.cpp">
      <Filter>source</Filter>
    </ClCompile>
    <ClCompile Include="..\..\external\slikenet\Source\src\Rand.cpp">
      <Filter>source</Filter>
    </ClCompile>
    <ClCompile Include="..\..\external\slikenet\Source\src\RandSync.cpp">
      <Filter>source</Filter>
    </ClCompile>
    <ClCompile Include="..\..\external\slikenet\Source\src\ReadyEvent.cpp">
      <Filter>source</Filter>
    </ClCompile>
    <ClCompile Include="..\..\external\slikenet\Source\src\RelayPlugin.cpp">
      <Filter>source</Filter>
    </ClCompile>
    <ClCompile Include="..\..\external\slikenet\Source\src\ReliabilityLayer.cpp">
      <Filter>source</Filter>
    </ClCompile>
    <ClCompile Include="..\..\external\slikenet\Source\src\ReplicaManager3.cpp">
      <Filter>source</Filter>
    </ClCompile>
    <ClCompile Include="..\..\external\slikenet\Source\src\Router2.cpp">
      <Filter>source</Filter>
    </ClCompile>
    <ClCompile Include="..\..\external\slikenet\Source\src\RPC4Plugin.cpp">
      <Filter>source</Filter>
    </ClCompile>
    <ClCompile Include="..\..\external\slikenet\Source\src\SecureHandshake.cpp">
      <Filter>source</Filter>
    </ClCompile>
    <ClCompile Include="..\..\external\slikenet\Source\src\SendToThread.cpp">
      <Filter>source</Filter>
    </ClCompile>
    <ClCompile Include="..\..\external\slikenet\Source\src\SignaledEvent.cpp">
      <Filter>source</Filter>
    </ClCompile>
    <ClCompile Include="..\..\external\slikenet\Source\src\SimpleMutex.cpp">
      <Filter>source</Filter>
    </ClCompile>
    <ClCompile Include="..\..\external\slikenet\Source\src\SocketLayer.cpp">
      <Filter>source</Filter>
    </ClCompile>
    <ClCompile Include="..\..\external\slikenet\Source\src\StatisticsHistory.cpp">
      <Filter>source</Filter>
    </ClCompile>
    <ClCompile Include="..\..\external\slikenet\Source\src\StringCompressor.cpp">
      <Filter>source</Filter>
    </ClCompile>
    <ClCompile Include="..\..\external\slikenet\Source\src\StringTable.cpp">
      <Filter>source</Filter>
    </ClCompile>
    <ClCompile Include="..\..\external\slikenet\Source\src\SuperFastHash.cpp">
      <Filter>source</Filter>
    </ClCompile>
    <ClCompile Include="..\..\external\slikenet\Source\src\TableSerializer.cpp">
      <Filter>source</Filter>
    </ClCompile>
    <ClCompile Include="..\..\external\slikenet\Source\src\TCPInterface.cpp">
      <Filter>source</Filter>
    </ClCompile>
    <ClCompile Include="..\..\external\slikenet\Source\src\TeamBalancer.cpp">
      <Filter>source</Filter>
    </ClCompile>
    <ClCompile Include="..\..\external\slikenet\Source\src\TeamManager.cpp">
      <Filter>source</Filter>
    </ClCompile>
    <ClCompile Include="..\..\external\slikenet\Source\src\TelnetTransport.cpp">
      <Filter>source</Filter>
    </ClCompile>
    <ClCompile Include="..\..\external\slikenet\Source\src\ThreadsafePacketLogger.cpp">
      <Filter>source</Filter>
    </ClCompile>
    <ClCompile Include="..\..\external\slikenet\Source\src\TwoWayAuthentication.cpp">
      <Filter>source</Filter>
    </ClCompile>
    <ClCompile Include="..\..\external\slikenet\Source\src\UDPForwarder.cpp">
      <Filter>source</Filter>
    </ClCompile>
    <ClCompile Include="..\..\external\slikenet\Source\src\UDPProxyClient.cpp">
      <Filter>source</Filter>
    </ClCompile>
    <ClCompile Include="..\..\external\slikenet\Source\src\UDPProxyCoordinator.cpp">
      <Filter>source</Filter>
    </ClCompile>
    <ClCompile Include="..\..\external\slikenet\Source\src\UDPProxyServer.cpp">
      <Filter>source</Filter>
    </ClCompile>
    <ClCompile Include="..\..\external\slikenet\Source\src\VariableDeltaSerializer.cpp">
      <Filter>source</Filter>
    </ClCompile>
    <ClCompile Include="..\..\external\slikenet\Source\src\VariableListDeltaTracker.cpp">
      <Filter>source</Filter>
    </ClCompile>
    <ClCompile Include="..\..\external\slikenet\Source\src\VariadicSQLParser.cpp">
      <Filter>source</Filter>
    </ClCompile>
    <ClCompile Include="..\..\external\slikenet\Source\src\VitaIncludes.cpp">
      <Filter>source</Filter>
    </ClCompile>
    <ClCompile Include="..\..\external\slikenet\Source\src\WSAStartupSingleton.cpp">
      <Filter>source</Filter>
    </ClCompile>
  </ItemGroup>
</Project>